
Microsoft Visual Studio Solution File, Format Version 12.00
# Visual Studio Version 17
VisualStudioVersion = 17.6.33829.357
MinimumVisualStudioVersion = 10.0.40219.1
Project("{FAE04EC0-301F-11D3-BF4B-00C04F79EFBC}") = "WinFormsApp1", "WinFormsApp1.csproj", "{A8D18A5E-A4A6-479C-8D9D-21A9005FD172}"
EndProject
Global
	GlobalSection(SolutionConfigurationPlatforms) = preSolution
		Debug|Any CPU = Debug|Any CPU
		Release|Any CPU = Release|Any CPU
	EndGlobalSection
	GlobalSection(ProjectConfigurationPlatforms) = postSolution
		{A8D18A5E-A4A6-479C-8D9D-21A9005FD172}.Debug|Any CPU.ActiveCfg = Debug|Any CPU
		{A8D18A5E-A4A6-479C-8D9D-21A9005FD172}.Debug|Any CPU.Build.0 = Debug|Any CPU
		{A8D18A5E-A4A6-479C-8D9D-21A9005FD172}.Release|Any CPU.ActiveCfg = Release|Any CPU
		{A8D18A5E-A4A6-479C-8D9D-21A9005FD172}.Release|Any CPU.Build.0 = Release|Any CPU
	EndGlobalSection
	GlobalSection(SolutionProperties) = preSolution
		HideSolutionNode = FALSE
	EndGlobalSection
	GlobalSection(ExtensibilityGlobals) = postSolution
		SolutionGuid = {A2C7BB06-7BDD-43E4-8909-6E2307A44832}
	EndGlobalSection
EndGlobal
